{
  "object": {
    "pins": [
      {
        "package": "swift-snapshot-testing",
        "repositoryURL": "https://github.com/pointfreeco/swift-snapshot-testing.git",
        "state": {
          "branch": null,
          "revision": "7b0bbbae90c41f848f90ac7b4df6c4f50068256d",
          "version": "1.17.5"
        }
      },
      {
        "package": "swift-syntax",
        "repositoryURL": "https://github.com/swiftlang/swift-syntax",
        "state": {
          "branch": null,
          "revision": "515f79b522918f83483068d99c68daeb5116342d",
          "version": "600.0.0-prerelease-2024-08-20"
        }
      }
    ]
  },
  "version": 1
}
